
Microsoft Visual Studio Solution File, Format Version 12.00
Project("{2150E333-8FDC-42A3-9474-1A3956D46DE8}") = "Boostrapper", "Boostrapper", "{36FA5264-CCB8-43EE-8358-C265D02EF783}"
EndProject
Project("{2150E333-8FDC-42A3-9474-1A3956D46DE8}") = "Modules", "Modules", "{80B124D0-15E0-43ED-9540-4B3D16E8D546}"
EndProject
Project("{2150E333-8FDC-42A3-9474-1A3956D46DE8}") = "Shared", "Shared", "{8F244ECC-4BBD-42E7-B459-DB7563323681}"
EndProject
Project("{FAE04EC0-301F-11D3-BF4B-00C04F79EFBC}") = "API", "API\API.csproj", "{60B187B3-7660-4606-9C46-E52EFE249C9A}"
EndProject
Project("{2150E333-8FDC-42A3-9474-1A3956D46DE8}") = "Catalog", "Catalog", "{245BBBEB-9CD1-40AB-BEDC-A61EEFAD86F2}"
EndProject
Project("{2150E333-8FDC-42A3-9474-1A3956D46DE8}") = "Basket", "Basket", "{C7DC0E9F-E0AC-4BA2-87C2-7CF39CF7A847}"
EndProject
Project("{2150E333-8FDC-42A3-9474-1A3956D46DE8}") = "Ordering", "Ordering", "{4D8207A5-C97A-409E-BC20-6627EFD8AF3A}"
EndProject
Project("{FAE04EC0-301F-11D3-BF4B-00C04F79EFBC}") = "Catalog", "Modules\Catalog\Catalog\Catalog.csproj", "{B663CED9-006F-4F41-87A8-F3DE3E01157C}"
EndProject
Project("{FAE04EC0-301F-11D3-BF4B-00C04F79EFBC}") = "Basket", "Modules\Basket\Basket\Basket.csproj", "{64794244-88CA-4E42-B2DA-B66EC404CFB7}"
EndProject
Project("{FAE04EC0-301F-11D3-BF4B-00C04F79EFBC}") = "Ordering", "Modules\Ordering\Ordering\Ordering.csproj", "{1167A833-153A-4C11-B7F3-02E1C747FACA}"
EndProject
Project("{FAE04EC0-301F-11D3-BF4B-00C04F79EFBC}") = "Shared", "Shared\Shared\Shared.csproj", "{C2B8B313-21FC-4A08-A199-40A6F08B2887}"
EndProject
Global
	GlobalSection(SolutionConfigurationPlatforms) = preSolution
		Debug|Any CPU = Debug|Any CPU
		Release|Any CPU = Release|Any CPU
	EndGlobalSection
	GlobalSection(ProjectConfigurationPlatforms) = postSolution
		{60B187B3-7660-4606-9C46-E52EFE249C9A}.Debug|Any CPU.ActiveCfg = Debug|Any CPU
		{60B187B3-7660-4606-9C46-E52EFE249C9A}.Debug|Any CPU.Build.0 = Debug|Any CPU
		{60B187B3-7660-4606-9C46-E52EFE249C9A}.Release|Any CPU.ActiveCfg = Release|Any CPU
		{60B187B3-7660-4606-9C46-E52EFE249C9A}.Release|Any CPU.Build.0 = Release|Any CPU
		{B663CED9-006F-4F41-87A8-F3DE3E01157C}.Debug|Any CPU.ActiveCfg = Debug|Any CPU
		{B663CED9-006F-4F41-87A8-F3DE3E01157C}.Debug|Any CPU.Build.0 = Debug|Any CPU
		{B663CED9-006F-4F41-87A8-F3DE3E01157C}.Release|Any CPU.ActiveCfg = Release|Any CPU
		{B663CED9-006F-4F41-87A8-F3DE3E01157C}.Release|Any CPU.Build.0 = Release|Any CPU
		{64794244-88CA-4E42-B2DA-B66EC404CFB7}.Debug|Any CPU.ActiveCfg = Debug|Any CPU
		{64794244-88CA-4E42-B2DA-B66EC404CFB7}.Debug|Any CPU.Build.0 = Debug|Any CPU
		{64794244-88CA-4E42-B2DA-B66EC404CFB7}.Release|Any CPU.ActiveCfg = Release|Any CPU
		{64794244-88CA-4E42-B2DA-B66EC404CFB7}.Release|Any CPU.Build.0 = Release|Any CPU
		{1167A833-153A-4C11-B7F3-02E1C747FACA}.Debug|Any CPU.ActiveCfg = Debug|Any CPU
		{1167A833-153A-4C11-B7F3-02E1C747FACA}.Debug|Any CPU.Build.0 = Debug|Any CPU
		{1167A833-153A-4C11-B7F3-02E1C747FACA}.Release|Any CPU.ActiveCfg = Release|Any CPU
		{1167A833-153A-4C11-B7F3-02E1C747FACA}.Release|Any CPU.Build.0 = Release|Any CPU
		{C2B8B313-21FC-4A08-A199-40A6F08B2887}.Debug|Any CPU.ActiveCfg = Debug|Any CPU
		{C2B8B313-21FC-4A08-A199-40A6F08B2887}.Debug|Any CPU.Build.0 = Debug|Any CPU
		{C2B8B313-21FC-4A08-A199-40A6F08B2887}.Release|Any CPU.ActiveCfg = Release|Any CPU
		{C2B8B313-21FC-4A08-A199-40A6F08B2887}.Release|Any CPU.Build.0 = Release|Any CPU
	EndGlobalSection
	GlobalSection(NestedProjects) = preSolution
		{60B187B3-7660-4606-9C46-E52EFE249C9A} = {36FA5264-CCB8-43EE-8358-C265D02EF783}
		{245BBBEB-9CD1-40AB-BEDC-A61EEFAD86F2} = {80B124D0-15E0-43ED-9540-4B3D16E8D546}
		{C7DC0E9F-E0AC-4BA2-87C2-7CF39CF7A847} = {80B124D0-15E0-43ED-9540-4B3D16E8D546}
		{4D8207A5-C97A-409E-BC20-6627EFD8AF3A} = {80B124D0-15E0-43ED-9540-4B3D16E8D546}
		{B663CED9-006F-4F41-87A8-F3DE3E01157C} = {245BBBEB-9CD1-40AB-BEDC-A61EEFAD86F2}
		{64794244-88CA-4E42-B2DA-B66EC404CFB7} = {C7DC0E9F-E0AC-4BA2-87C2-7CF39CF7A847}
		{1167A833-153A-4C11-B7F3-02E1C747FACA} = {4D8207A5-C97A-409E-BC20-6627EFD8AF3A}
		{C2B8B313-21FC-4A08-A199-40A6F08B2887} = {8F244ECC-4BBD-42E7-B459-DB7563323681}
	EndGlobalSection
EndGlobal
